
Microsoft Visual Studio Solution File, Format Version 12.00
# Visual Studio Version 17
VisualStudioVersion = 17.9.34902.65
MinimumVisualStudioVersion = 10.0.40219.1
Project("{9A19103F-16F7-4668-BE54-9A1E7A4F7556}") = "Mocktrix", "Mocktrix.csproj", "{EA72A05F-8EC0-40B0-9E46-F85146276318}"
EndProject
Project("{9A19103F-16F7-4668-BE54-9A1E7A4F7556}") = "Mocktrix.Tests", "..\Mocktrix.Tests\Mocktrix.Tests.csproj", "{6DE0D9DC-FEB8-4E2F-AAB8-BFAFC8562FE9}"
EndProject
Project("{9A19103F-16F7-4668-BE54-9A1E7A4F7556}") = "Mocktrix.Data", "..\Mocktrix.Data\Mocktrix.Data.csproj", "{174683D4-76C6-4357-9B07-F23B5A82AFEC}"
EndProject
Project("{9A19103F-16F7-4668-BE54-9A1E7A4F7556}") = "Mocktrix.Database.Memory", "..\Mocktrix.Database.Memory\Mocktrix.Database.Memory.csproj", "{86F7F45C-33C2-42E2-B91D-EA259BC05F43}"
EndProject
Project("{9A19103F-16F7-4668-BE54-9A1E7A4F7556}") = "Mocktrix.Data.Tests", "..\Mocktrix.Data.Tests\Mocktrix.Data.Tests.csproj", "{206658A0-8CCA-41D4-AF06-1FD84096D1B5}"
EndProject
Project("{9A19103F-16F7-4668-BE54-9A1E7A4F7556}") = "Mocktrix.Database.Memory.Tests", "..\Mocktrix.Database.Memory.Tests\Mocktrix.Database.Memory.Tests.csproj", "{7D8E0E89-5CDC-4301-821B-0721AB03E953}"
EndProject
Project("{9A19103F-16F7-4668-BE54-9A1E7A4F7556}") = "Mocktrix.Protocol.Types", "..\Mocktrix.Protocol.Types\Mocktrix.Protocol.Types.csproj", "{8B06FD60-A82B-4D72-AD9C-1F029233D7EA}"
EndProject
Project("{9A19103F-16F7-4668-BE54-9A1E7A4F7556}") = "Mocktrix.Configuration", "..\Mocktrix.Configuration\Mocktrix.Configuration.csproj", "{17BC6ECD-BC4C-482E-A6EA-2CA8030DE83E}"
EndProject
Project("{9A19103F-16F7-4668-BE54-9A1E7A4F7556}") = "Mocktrix.Configuration.Tests", "..\Mocktrix.Configuration.Tests\Mocktrix.Configuration.Tests.csproj", "{57E20927-6327-4F2B-A590-7FCACE2334E2}"
EndProject
Project("{9A19103F-16F7-4668-BE54-9A1E7A4F7556}") = "Mocktrix.ContentRepository.Memory", "..\Mocktrix.ContentRepository.Memory\Mocktrix.ContentRepository.Memory.csproj", "{388FF77F-CF86-4ED2-96D8-C522C744FE9F}"
EndProject
Project("{9A19103F-16F7-4668-BE54-9A1E7A4F7556}") = "Mocktrix.ContentRepository.Memory.Tests", "..\Mocktrix.ContentRepository.Memory.Tests\Mocktrix.ContentRepository.Memory.Tests.csproj", "{8CFEB57E-C59E-4DE4-93A5-CBBA36560258}"
EndProject
Project("{9A19103F-16F7-4668-BE54-9A1E7A4F7556}") = "Mocktrix.Events", "..\Mocktrix.Events\Mocktrix.Events.csproj", "{139A0FFC-A3C3-4517-9DFD-70285BEFD8CF}"
EndProject
Project("{9A19103F-16F7-4668-BE54-9A1E7A4F7556}") = "Mocktrix.Events.Tests", "..\Mocktrix.Events.Tests\Mocktrix.Events.Tests.csproj", "{D2A0C71A-07B6-46E1-BEC8-0AAB968D9911}"
EndProject
Project("{FAE04EC0-301F-11D3-BF4B-00C04F79EFBC}") = "Mocktrix.Enums", "..\Mocktrix.Enums\Mocktrix.Enums.csproj", "{748CCFE0-5F97-42B9-8E4C-2494912ADC1F}"
EndProject
Global
	GlobalSection(SolutionConfigurationPlatforms) = preSolution
		Debug|Any CPU = Debug|Any CPU
		Release|Any CPU = Release|Any CPU
	EndGlobalSection
	GlobalSection(ProjectConfigurationPlatforms) = postSolution
		{EA72A05F-8EC0-40B0-9E46-F85146276318}.Debug|Any CPU.ActiveCfg = Debug|Any CPU
		{EA72A05F-8EC0-40B0-9E46-F85146276318}.Debug|Any CPU.Build.0 = Debug|Any CPU
		{EA72A05F-8EC0-40B0-9E46-F85146276318}.Release|Any CPU.ActiveCfg = Release|Any CPU
		{EA72A05F-8EC0-40B0-9E46-F85146276318}.Release|Any CPU.Build.0 = Release|Any CPU
		{6DE0D9DC-FEB8-4E2F-AAB8-BFAFC8562FE9}.Debug|Any CPU.ActiveCfg = Debug|Any CPU
		{6DE0D9DC-FEB8-4E2F-AAB8-BFAFC8562FE9}.Debug|Any CPU.Build.0 = Debug|Any CPU
		{6DE0D9DC-FEB8-4E2F-AAB8-BFAFC8562FE9}.Release|Any CPU.ActiveCfg = Release|Any CPU
		{6DE0D9DC-FEB8-4E2F-AAB8-BFAFC8562FE9}.Release|Any CPU.Build.0 = Release|Any CPU
		{174683D4-76C6-4357-9B07-F23B5A82AFEC}.Debug|Any CPU.ActiveCfg = Debug|Any CPU
		{174683D4-76C6-4357-9B07-F23B5A82AFEC}.Debug|Any CPU.Build.0 = Debug|Any CPU
		{174683D4-76C6-4357-9B07-F23B5A82AFEC}.Release|Any CPU.ActiveCfg = Release|Any CPU
		{174683D4-76C6-4357-9B07-F23B5A82AFEC}.Release|Any CPU.Build.0 = Release|Any CPU
		{86F7F45C-33C2-42E2-B91D-EA259BC05F43}.Debug|Any CPU.ActiveCfg = Debug|Any CPU
		{86F7F45C-33C2-42E2-B91D-EA259BC05F43}.Debug|Any CPU.Build.0 = Debug|Any CPU
		{86F7F45C-33C2-42E2-B91D-EA259BC05F43}.Release|Any CPU.ActiveCfg = Release|Any CPU
		{86F7F45C-33C2-42E2-B91D-EA259BC05F43}.Release|Any CPU.Build.0 = Release|Any CPU
		{206658A0-8CCA-41D4-AF06-1FD84096D1B5}.Debug|Any CPU.ActiveCfg = Debug|Any CPU
		{206658A0-8CCA-41D4-AF06-1FD84096D1B5}.Debug|Any CPU.Build.0 = Debug|Any CPU
		{206658A0-8CCA-41D4-AF06-1FD84096D1B5}.Release|Any CPU.ActiveCfg = Release|Any CPU
		{206658A0-8CCA-41D4-AF06-1FD84096D1B5}.Release|Any CPU.Build.0 = Release|Any CPU
		{7D8E0E89-5CDC-4301-821B-0721AB03E953}.Debug|Any CPU.ActiveCfg = Debug|Any CPU
		{7D8E0E89-5CDC-4301-821B-0721AB03E953}.Debug|Any CPU.Build.0 = Debug|Any CPU
		{7D8E0E89-5CDC-4301-821B-0721AB03E953}.Release|Any CPU.ActiveCfg = Release|Any CPU
		{7D8E0E89-5CDC-4301-821B-0721AB03E953}.Release|Any CPU.Build.0 = Release|Any CPU
		{8B06FD60-A82B-4D72-AD9C-1F029233D7EA}.Debug|Any CPU.ActiveCfg = Debug|Any CPU
		{8B06FD60-A82B-4D72-AD9C-1F029233D7EA}.Debug|Any CPU.Build.0 = Debug|Any CPU
		{8B06FD60-A82B-4D72-AD9C-1F029233D7EA}.Release|Any CPU.ActiveCfg = Release|Any CPU
		{8B06FD60-A82B-4D72-AD9C-1F029233D7EA}.Release|Any CPU.Build.0 = Release|Any CPU
		{17BC6ECD-BC4C-482E-A6EA-2CA8030DE83E}.Debug|Any CPU.ActiveCfg = Debug|Any CPU
		{17BC6ECD-BC4C-482E-A6EA-2CA8030DE83E}.Debug|Any CPU.Build.0 = Debug|Any CPU
		{17BC6ECD-BC4C-482E-A6EA-2CA8030DE83E}.Release|Any CPU.ActiveCfg = Release|Any CPU
		{17BC6ECD-BC4C-482E-A6EA-2CA8030DE83E}.Release|Any CPU.Build.0 = Release|Any CPU
		{57E20927-6327-4F2B-A590-7FCACE2334E2}.Debug|Any CPU.ActiveCfg = Debug|Any CPU
		{57E20927-6327-4F2B-A590-7FCACE2334E2}.Debug|Any CPU.Build.0 = Debug|Any CPU
		{57E20927-6327-4F2B-A590-7FCACE2334E2}.Release|Any CPU.ActiveCfg = Release|Any CPU
		{57E20927-6327-4F2B-A590-7FCACE2334E2}.Release|Any CPU.Build.0 = Release|Any CPU
		{388FF77F-CF86-4ED2-96D8-C522C744FE9F}.Debug|Any CPU.ActiveCfg = Debug|Any CPU
		{388FF77F-CF86-4ED2-96D8-C522C744FE9F}.Debug|Any CPU.Build.0 = Debug|Any CPU
		{388FF77F-CF86-4ED2-96D8-C522C744FE9F}.Release|Any CPU.ActiveCfg = Release|Any CPU
		{388FF77F-CF86-4ED2-96D8-C522C744FE9F}.Release|Any CPU.Build.0 = Release|Any CPU
		{8CFEB57E-C59E-4DE4-93A5-CBBA36560258}.Debug|Any CPU.ActiveCfg = Debug|Any CPU
		{8CFEB57E-C59E-4DE4-93A5-CBBA36560258}.Debug|Any CPU.Build.0 = Debug|Any CPU
		{8CFEB57E-C59E-4DE4-93A5-CBBA36560258}.Release|Any CPU.ActiveCfg = Release|Any CPU
		{8CFEB57E-C59E-4DE4-93A5-CBBA36560258}.Release|Any CPU.Build.0 = Release|Any CPU
		{139A0FFC-A3C3-4517-9DFD-70285BEFD8CF}.Debug|Any CPU.ActiveCfg = Debug|Any CPU
		{139A0FFC-A3C3-4517-9DFD-70285BEFD8CF}.Debug|Any CPU.Build.0 = Debug|Any CPU
		{139A0FFC-A3C3-4517-9DFD-70285BEFD8CF}.Release|Any CPU.ActiveCfg = Release|Any CPU
		{139A0FFC-A3C3-4517-9DFD-70285BEFD8CF}.Release|Any CPU.Build.0 = Release|Any CPU
		{D2A0C71A-07B6-46E1-BEC8-0AAB968D9911}.Debug|Any CPU.ActiveCfg = Debug|Any CPU
		{D2A0C71A-07B6-46E1-BEC8-0AAB968D9911}.Debug|Any CPU.Build.0 = Debug|Any CPU
		{D2A0C71A-07B6-46E1-BEC8-0AAB968D9911}.Release|Any CPU.ActiveCfg = Release|Any CPU
		{D2A0C71A-07B6-46E1-BEC8-0AAB968D9911}.Release|Any CPU.Build.0 = Release|Any CPU
		{748CCFE0-5F97-42B9-8E4C-2494912ADC1F}.Debug|Any CPU.ActiveCfg = Debug|Any CPU
		{748CCFE0-5F97-42B9-8E4C-2494912ADC1F}.Debug|Any CPU.Build.0 = Debug|Any CPU
		{748CCFE0-5F97-42B9-8E4C-2494912ADC1F}.Release|Any CPU.ActiveCfg = Release|Any CPU
		{748CCFE0-5F97-42B9-8E4C-2494912ADC1F}.Release|Any CPU.Build.0 = Release|Any CPU
	EndGlobalSection
	GlobalSection(SolutionProperties) = preSolution
		HideSolutionNode = FALSE
	EndGlobalSection
	GlobalSection(ExtensibilityGlobals) = postSolution
		SolutionGuid = {8CD9D23B-9209-4693-B157-6C4743F29773}
	EndGlobalSection
EndGlobal
