
Microsoft Visual Studio Solution File, Format Version 12.00
# Visual Studio Version 17
VisualStudioVersion = 17.9.34902.65
MinimumVisualStudioVersion = 10.0.40219.1
Project("{9A19103F-16F7-4668-BE54-9A1E7A4F7556}") = "Mocktrix", "Mocktrix.csproj", "{EA72A05F-8EC0-40B0-9E46-F85146276318}"
EndProject
Project("{9A19103F-16F7-4668-BE54-9A1E7A4F7556}") = "MocktrixTests", "..\MocktrixTests\MocktrixTests.csproj", "{6DE0D9DC-FEB8-4E2F-AAB8-BFAFC8562FE9}"
EndProject
Project("{FAE04EC0-301F-11D3-BF4B-00C04F79EFBC}") = "Mocktrix.Data", "..\Mocktrix.Data\Mocktrix.Data.csproj", "{174683D4-76C6-4357-9B07-F23B5A82AFEC}"
EndProject
Project("{FAE04EC0-301F-11D3-BF4B-00C04F79EFBC}") = "Mocktrix.Database.Memory", "..\Mocktrix.Database.Memory\Mocktrix.Database.Memory.csproj", "{86F7F45C-33C2-42E2-B91D-EA259BC05F43}"
EndProject
Global
	GlobalSection(SolutionConfigurationPlatforms) = preSolution
		Debug|Any CPU = Debug|Any CPU
		Release|Any CPU = Release|Any CPU
	EndGlobalSection
	GlobalSection(ProjectConfigurationPlatforms) = postSolution
		{EA72A05F-8EC0-40B0-9E46-F85146276318}.Debug|Any CPU.ActiveCfg = Debug|Any CPU
		{EA72A05F-8EC0-40B0-9E46-F85146276318}.Debug|Any CPU.Build.0 = Debug|Any CPU
		{EA72A05F-8EC0-40B0-9E46-F85146276318}.Release|Any CPU.ActiveCfg = Release|Any CPU
		{EA72A05F-8EC0-40B0-9E46-F85146276318}.Release|Any CPU.Build.0 = Release|Any CPU
		{6DE0D9DC-FEB8-4E2F-AAB8-BFAFC8562FE9}.Debug|Any CPU.ActiveCfg = Debug|Any CPU
		{6DE0D9DC-FEB8-4E2F-AAB8-BFAFC8562FE9}.Debug|Any CPU.Build.0 = Debug|Any CPU
		{6DE0D9DC-FEB8-4E2F-AAB8-BFAFC8562FE9}.Release|Any CPU.ActiveCfg = Release|Any CPU
		{6DE0D9DC-FEB8-4E2F-AAB8-BFAFC8562FE9}.Release|Any CPU.Build.0 = Release|Any CPU
		{174683D4-76C6-4357-9B07-F23B5A82AFEC}.Debug|Any CPU.ActiveCfg = Debug|Any CPU
		{174683D4-76C6-4357-9B07-F23B5A82AFEC}.Debug|Any CPU.Build.0 = Debug|Any CPU
		{174683D4-76C6-4357-9B07-F23B5A82AFEC}.Release|Any CPU.ActiveCfg = Release|Any CPU
		{174683D4-76C6-4357-9B07-F23B5A82AFEC}.Release|Any CPU.Build.0 = Release|Any CPU
		{86F7F45C-33C2-42E2-B91D-EA259BC05F43}.Debug|Any CPU.ActiveCfg = Debug|Any CPU
		{86F7F45C-33C2-42E2-B91D-EA259BC05F43}.Debug|Any CPU.Build.0 = Debug|Any CPU
		{86F7F45C-33C2-42E2-B91D-EA259BC05F43}.Release|Any CPU.ActiveCfg = Release|Any CPU
		{86F7F45C-33C2-42E2-B91D-EA259BC05F43}.Release|Any CPU.Build.0 = Release|Any CPU
	EndGlobalSection
	GlobalSection(SolutionProperties) = preSolution
		HideSolutionNode = FALSE
	EndGlobalSection
	GlobalSection(ExtensibilityGlobals) = postSolution
		SolutionGuid = {8CD9D23B-9209-4693-B157-6C4743F29773}
	EndGlobalSection
EndGlobal
